
Microsoft Visual Studio Solution File, Format Version 12.00
# Visual Studio Version 16
VisualStudioVersion = 16.0.29201.188
MinimumVisualStudioVersion = 10.0.40219.1
Project("{8BC9CEB8-8B4A-11D0-8D11-00A0C91BC942}") = "ClientSocket", "ClientSocket\ClientSocket.vcxproj", "{93AF321C-11C9-4EA2-9DD1-6FF00C1A7052}"
EndProject
Global
	GlobalSection(SolutionConfigurationPlatforms) = preSolution
		Debug|x64 = Debug|x64
		Debug|x86 = Debug|x86
		Release|x64 = Release|x64
		Release|x86 = Release|x86
	EndGlobalSection
	GlobalSection(ProjectConfigurationPlatforms) = postSolution
		{93AF321C-11C9-4EA2-9DD1-6FF00C1A7052}.Debug|x64.ActiveCfg = Debug|x64
		{93AF321C-11C9-4EA2-9DD1-6FF00C1A7052}.Debug|x64.Build.0 = Debug|x64
		{93AF321C-11C9-4EA2-9DD1-6FF00C1A7052}.Debug|x86.ActiveCfg = Debug|Win32
		{93AF321C-11C9-4EA2-9DD1-6FF00C1A7052}.Debug|x86.Build.0 = Debug|Win32
		{93AF321C-11C9-4EA2-9DD1-6FF00C1A7052}.Release|x64.ActiveCfg = Release|x64
		{93AF321C-11C9-4EA2-9DD1-6FF00C1A7052}.Release|x64.Build.0 = Release|x64
		{93AF321C-11C9-4EA2-9DD1-6FF00C1A7052}.Release|x86.ActiveCfg = Release|Win32
		{93AF321C-11C9-4EA2-9DD1-6FF00C1A7052}.Release|x86.Build.0 = Release|Win32
	EndGlobalSection
	GlobalSection(SolutionProperties) = preSolution
		HideSolutionNode = FALSE
	EndGlobalSection
	GlobalSection(ExtensibilityGlobals) = postSolution
		SolutionGuid = {55EB9631-DDA6-4652-8E0B-F3313A154B64}
	EndGlobalSection
EndGlobal
